
Microsoft Visual Studio Solution File, Format Version 12.00
# Visual Studio Version 17
VisualStudioVersion = 17.14.36616.10 d17.14
MinimumVisualStudioVersion = 10.0.40219.1
Project("{FAE04EC0-301F-11D3-BF4B-00C04F79EFBC}") = "ConsoleApp5", "ConsoleApp5\ConsoleApp5.csproj", "{AFA692F9-19B6-45DE-A5BF-E92941343A3A}"
EndProject
Global
	GlobalSection(SolutionConfigurationPlatforms) = preSolution
		Debug|Any CPU = Debug|Any CPU
		Release|Any CPU = Release|Any CPU
	EndGlobalSection
	GlobalSection(ProjectConfigurationPlatforms) = postSolution
		{AFA692F9-19B6-45DE-A5BF-E92941343A3A}.Debug|Any CPU.ActiveCfg = Debug|Any CPU
		{AFA692F9-19B6-45DE-A5BF-E92941343A3A}.Debug|Any CPU.Build.0 = Debug|Any CPU
		{AFA692F9-19B6-45DE-A5BF-E92941343A3A}.Release|Any CPU.ActiveCfg = Release|Any CPU
		{AFA692F9-19B6-45DE-A5BF-E92941343A3A}.Release|Any CPU.Build.0 = Release|Any CPU
	EndGlobalSection
	GlobalSection(SolutionProperties) = preSolution
		HideSolutionNode = FALSE
	EndGlobalSection
	GlobalSection(ExtensibilityGlobals) = postSolution
		SolutionGuid = {10A5A451-D8FC-4564-9B9F-97E7AF1E219C}
	EndGlobalSection
EndGlobal
